
Microsoft Visual Studio Solution File, Format Version 12.00
# Visual Studio 15
VisualStudioVersion = 15.0.28010.2036
MinimumVisualStudioVersion = 10.0.40219.1
Project("{FAE04EC0-301F-11D3-BF4B-00C04F79EFBC}") = "TaskScheduler", "TaskScheduler\TaskScheduler.csproj", "{C75430E8-170E-4E0C-95E7-C6B547320506}"
EndProject
Project("{FAE04EC0-301F-11D3-BF4B-00C04F79EFBC}") = "TaskSchedulerTest", "TaskSchedulerTest\TaskSchedulerTest.csproj", "{F7252714-A86F-46F4-B4A6-496ED1340300}"
EndProject
Global
	GlobalSection(SolutionConfigurationPlatforms) = preSolution
		Debug|Any CPU = Debug|Any CPU
		Release|Any CPU = Release|Any CPU
	EndGlobalSection
	GlobalSection(ProjectConfigurationPlatforms) = postSolution
		{C75430E8-170E-4E0C-95E7-C6B547320506}.Debug|Any CPU.ActiveCfg = Debug|Any CPU
		{C75430E8-170E-4E0C-95E7-C6B547320506}.Debug|Any CPU.Build.0 = Debug|Any CPU
		{C75430E8-170E-4E0C-95E7-C6B547320506}.Release|Any CPU.ActiveCfg = Release|Any CPU
		{C75430E8-170E-4E0C-95E7-C6B547320506}.Release|Any CPU.Build.0 = Release|Any CPU
		{F7252714-A86F-46F4-B4A6-496ED1340300}.Debug|Any CPU.ActiveCfg = Debug|Any CPU
		{F7252714-A86F-46F4-B4A6-496ED1340300}.Debug|Any CPU.Build.0 = Debug|Any CPU
		{F7252714-A86F-46F4-B4A6-496ED1340300}.Release|Any CPU.ActiveCfg = Release|Any CPU
		{F7252714-A86F-46F4-B4A6-496ED1340300}.Release|Any CPU.Build.0 = Release|Any CPU
	EndGlobalSection
	GlobalSection(SolutionProperties) = preSolution
		HideSolutionNode = FALSE
	EndGlobalSection
	GlobalSection(ExtensibilityGlobals) = postSolution
		SolutionGuid = {BFEF7BAD-A6E9-4E22-9053-213D9E2872EA}
	EndGlobalSection
EndGlobal
